
Microsoft Visual Studio Solution File, Format Version 12.00
# Visual Studio Version 17
VisualStudioVersion = 17.1.32210.238
MinimumVisualStudioVersion = 10.0.40219.1
Project("{FAE04EC0-301F-11D3-BF4B-00C04F79EFBC}") = "Uppgift 2.4", "Uppgift 2.4\Uppgift 2.4.csproj", "{05370673-AF71-4939-A822-8CE2A09B05B0}"
EndProject
Global
	GlobalSection(SolutionConfigurationPlatforms) = preSolution
		Debug|Any CPU = Debug|Any CPU
		Release|Any CPU = Release|Any CPU
	EndGlobalSection
	GlobalSection(ProjectConfigurationPlatforms) = postSolution
		{05370673-AF71-4939-A822-8CE2A09B05B0}.Debug|Any CPU.ActiveCfg = Debug|Any CPU
		{05370673-AF71-4939-A822-8CE2A09B05B0}.Debug|Any CPU.Build.0 = Debug|Any CPU
		{05370673-AF71-4939-A822-8CE2A09B05B0}.Release|Any CPU.ActiveCfg = Release|Any CPU
		{05370673-AF71-4939-A822-8CE2A09B05B0}.Release|Any CPU.Build.0 = Release|Any CPU
	EndGlobalSection
	GlobalSection(SolutionProperties) = preSolution
		HideSolutionNode = FALSE
	EndGlobalSection
	GlobalSection(ExtensibilityGlobals) = postSolution
		SolutionGuid = {56797E03-D646-4336-A751-EB39592916F6}
	EndGlobalSection
EndGlobal
